{
  "name": "@houseflow/types",
  "version": "1.0.9",
  "lockfileVersion": 1,
  "requires": true,
  "dependencies": {
    "@firebase/firestore-types": {
      "version": "2.0.0",
      "resolved": "https://registry.npmjs.org/@firebase/firestore-types/-/firestore-types-2.0.0.tgz",
      "integrity": "sha512-ZGb7p1SSQJP0Z+kc9GAUi+Fx5rJatFddBrS1ikkayW+QHfSIz0omU23OgSHcBGTxe8dJCeKiKA2Yf+tkDKO/LA=="
    },
    "typescript": {
      "version": "3.9.5",
      "resolved": "https://registry.npmjs.org/typescript/-/typescript-3.9.5.tgz",
      "integrity": "sha512-hSAifV3k+i6lEoCJ2k6R2Z/rp/H3+8sdmcn5NrS3/3kE7+RyZXm9aqvxWqjEXHAd8b0pShatpcdMTvEdvAJltQ==",
      "dev": true
    }
  }
}
